
Microsoft Visual Studio Solution File, Format Version 12.00
# Visual Studio Version 17
VisualStudioVersion = 17.7.34221.43
MinimumVisualStudioVersion = 10.0.40219.1
Project("{FAE04EC0-301F-11D3-BF4B-00C04F79EFBC}") = "Exercise-9", "Exercise-9.csproj", "{A1678801-B87B-46DC-A13B-E9E3C4A07FA6}"
EndProject
Global
	GlobalSection(SolutionConfigurationPlatforms) = preSolution
		Debug|Any CPU = Debug|Any CPU
		Release|Any CPU = Release|Any CPU
	EndGlobalSection
	GlobalSection(ProjectConfigurationPlatforms) = postSolution
		{A1678801-B87B-46DC-A13B-E9E3C4A07FA6}.Debug|Any CPU.ActiveCfg = Debug|Any CPU
		{A1678801-B87B-46DC-A13B-E9E3C4A07FA6}.Debug|Any CPU.Build.0 = Debug|Any CPU
		{A1678801-B87B-46DC-A13B-E9E3C4A07FA6}.Release|Any CPU.ActiveCfg = Release|Any CPU
		{A1678801-B87B-46DC-A13B-E9E3C4A07FA6}.Release|Any CPU.Build.0 = Release|Any CPU
	EndGlobalSection
	GlobalSection(SolutionProperties) = preSolution
		HideSolutionNode = FALSE
	EndGlobalSection
	GlobalSection(ExtensibilityGlobals) = postSolution
		SolutionGuid = {98665FA4-F3E2-4B61-97D3-7612B2C14516}
	EndGlobalSection
EndGlobal
